{
  "nodes": {
    "base": {
      "inputs": {
        "nixos-generators": "nixos-generators",
        "nixpkgs": [
          "nixpkgs"
        ],
        "nixpkgs-unstable-tailscale": "nixpkgs-unstable-tailscale",
        "unstable": "unstable",
        "vscode-server": "vscode-server"
      },
      "locked": {
        "lastModified": 0,
        "narHash": "sha256-WJmd8a81HVdTNwJ0tHf7xKEviRkLDY4Wl7MbbormLJo=",
        "path": "./../../",
        "type": "path"
      },
      "original": {
        "path": "./../../",
        "type": "path"
      }
    },
    "disko": {
      "inputs": {
        "nixpkgs": [
          "nixpkgs"
        ]
      },
      "locked": {
        "lastModified": 1734343412,
        "narHash": "sha256-b7G8oFp0Nj01BYUJ6ENC9Qf/HsYAIZvN9k/p0Kg/PFU=",
        "owner": "nix-community",
        "repo": "disko",
        "rev": "a08bfe06b39e94eec98dd089a2c1b18af01fef19",
        "type": "github"
      },
      "original": {
        "owner": "nix-community",
        "repo": "disko",
        "type": "github"
      }
    },
    "flake-utils": {
      "inputs": {
        "systems": "systems"
      },
      "locked": {
        "lastModified": 1681202837,
        "narHash": "sha256-H+Rh19JDwRtpVPAWp64F+rlEtxUWBAQW28eAi3SRSzg=",
        "owner": "numtide",
        "repo": "flake-utils",
        "rev": "cfacdce06f30d2b68473a46042957675eebb3401",
        "type": "github"
      },
      "original": {
        "owner": "numtide",
        "repo": "flake-utils",
        "type": "github"
      }
    },
    "nixlib": {
      "locked": {
        "lastModified": 1636849918,
        "narHash": "sha256-nzUK6dPcTmNVrgTAC1EOybSMsrcx+QrVPyqRdyKLkjA=",
        "owner": "nix-community",
        "repo": "nixpkgs.lib",
        "rev": "28a5b0557f14124608db68d3ee1f77e9329e9dd5",
        "type": "github"
      },
      "original": {
        "owner": "nix-community",
        "repo": "nixpkgs.lib",
        "type": "github"
      }
    },
    "nixlib_2": {
      "locked": {
        "lastModified": 1734224914,
        "narHash": "sha256-hKWALzQ/RxxXdKWsLKXULru6XTag9Cc5exgVyS4a/AE=",
        "owner": "nix-community",
        "repo": "nixpkgs.lib",
        "rev": "538697b664a64fade8ce628d01f35d1f1fd82d77",
        "type": "github"
      },
      "original": {
        "owner": "nix-community",
        "repo": "nixpkgs.lib",
        "type": "github"
      }
    },
    "nixos-generators": {
      "inputs": {
        "nixlib": "nixlib",
        "nixpkgs": [
          "base",
          "nixpkgs"
        ]
      },
      "locked": {
        "lastModified": 1706085261,
        "narHash": "sha256-7PgpHRHyShINcqgevPP1fJ6N8kM5ZSOJnk3QZBrOCQ0=",
        "owner": "nix-community",
        "repo": "nixos-generators",
        "rev": "896f6589db5b25023b812bbb6c1f5d3a499b1132",
        "type": "github"
      },
      "original": {
        "owner": "nix-community",
        "repo": "nixos-generators",
        "type": "github"
      }
    },
    "nixos-generators_2": {
      "inputs": {
        "nixlib": "nixlib_2",
        "nixpkgs": [
          "nixpkgs"
        ]
      },
      "locked": {
        "lastModified": 1734311693,
        "narHash": "sha256-ODRrnbaUsOe3e4kp+uHl+iJxey5zE3kqiBqJWQxrlnY=",
        "owner": "nix-community",
        "repo": "nixos-generators",
        "rev": "a5278f7c326205681f1f42a90fa46a75a13627eb",
        "type": "github"
      },
      "original": {
        "owner": "nix-community",
        "repo": "nixos-generators",
        "type": "github"
      }
    },
    "nixpkgs": {
      "locked": {
        "lastModified": 1682134069,
        "narHash": "sha256-TnI/ZXSmRxQDt2sjRYK/8j8iha4B4zP2cnQCZZ3vp7k=",
        "owner": "NixOS",
        "repo": "nixpkgs",
        "rev": "fd901ef4bf93499374c5af385b2943f5801c0833",
        "type": "github"
      },
      "original": {
        "id": "nixpkgs",
        "type": "indirect"
      }
    },
    "nixpkgs-unstable-tailscale": {
      "locked": {
        "lastModified": 1695318763,
        "narHash": "sha256-FHVPDRP2AfvsxAdc+AsgFJevMz5VBmnZglFUMlxBkcY=",
        "owner": "NixOS",
        "repo": "nixpkgs",
        "rev": "e12483116b3b51a185a33a272bf351e357ba9a99",
        "type": "github"
      },
      "original": {
        "owner": "NixOS",
        "ref": "nixpkgs-unstable",
        "repo": "nixpkgs",
        "type": "github"
      }
    },
    "nixpkgs_2": {
      "locked": {
        "lastModified": 1734323986,
        "narHash": "sha256-m/lh6hYMIWDYHCAsn81CDAiXoT3gmxXI9J987W5tZrE=",
        "owner": "NixOS",
        "repo": "nixpkgs",
        "rev": "394571358ce82dff7411395829aa6a3aad45b907",
        "type": "github"
      },
      "original": {
        "owner": "NixOS",
        "ref": "nixos-24.11",
        "repo": "nixpkgs",
        "type": "github"
      }
    },
    "root": {
      "inputs": {
        "base": "base",
        "disko": "disko",
        "nixos-generators": "nixos-generators_2",
        "nixpkgs": "nixpkgs_2"
      }
    },
    "systems": {
      "locked": {
        "lastModified": 1681028828,
        "narHash": "sha256-Vy1rq5AaRuLzOxct8nz4T6wlgyUR7zLU309k9mBC768=",
        "owner": "nix-systems",
        "repo": "default",
        "rev": "da67096a3b9bf56a91d16901293e51ba5b49a27e",
        "type": "github"
      },
      "original": {
        "owner": "nix-systems",
        "repo": "default",
        "type": "github"
      }
    },
    "unstable": {
      "locked": {
        "lastModified": 1703134684,
        "narHash": "sha256-SQmng1EnBFLzS7WSRyPM9HgmZP2kLJcPAz+Ug/nug6o=",
        "owner": "NixOS",
        "repo": "nixpkgs",
        "rev": "d6863cbcbbb80e71cecfc03356db1cda38919523",
        "type": "github"
      },
      "original": {
        "owner": "NixOS",
        "ref": "nixpkgs-unstable",
        "repo": "nixpkgs",
        "type": "github"
      }
    },
    "vscode-server": {
      "inputs": {
        "flake-utils": "flake-utils",
        "nixpkgs": "nixpkgs"
      },
      "locked": {
        "lastModified": 1709622318,
        "narHash": "sha256-bTscF0366xtoIXgH7Zq+Mn0mpX3w4h/2xKpHiYMyLNc=",
        "owner": "nix-community",
        "repo": "nixos-vscode-server",
        "rev": "d0ed9b8cf1f0a71f110df9119489ab047e0726bd",
        "type": "github"
      },
      "original": {
        "owner": "nix-community",
        "repo": "nixos-vscode-server",
        "type": "github"
      }
    }
  },
  "root": "root",
  "version": 7
}
